{
  "name": "registry-tools",
  "lockfileVersion": 3,
  "requires": true,
  "packages": {
    "": {
      "name": "registry-tools",
      "dependencies": {
        "hyparquet": "^1.31.2",
        "hyparquet-compressors": "^1.1.2",
        "hyparquet-writer": "^0.16.10"
      }
    },
    "node_modules/fzstd": {
      "version": "0.1.1",
      "resolved": "https://registry.npmjs.org/fzstd/-/fzstd-0.1.1.tgz",
      "integrity": "sha512-dkuVSOKKwh3eas5VkJy1AW1vFpet8TA/fGmVA5krThl8YcOVE/8ZIoEA1+U1vEn5ckxxhLirSdY837azmbaNHA==",
      "license": "MIT"
    },
    "node_modules/hyparquet": {
      "version": "1.31.2",
      "resolved": "https://registry.npmjs.org/hyparquet/-/hyparquet-1.31.2.tgz",
      "integrity": "sha512-dpVTCGkPPIdfDExa7YZGaJpuBTmLFDKGeZ6meHUj1mz/Q3qmaQHGLLqCyPBkQjfxrYNb08YTax682qeGO+zkVA==",
      "license": "MIT"
    },
    "node_modules/hyparquet-compressors": {
      "version": "1.1.2",
      "resolved": "https://registry.npmjs.org/hyparquet-compressors/-/hyparquet-compressors-1.1.2.tgz",
      "integrity": "sha512-0Hx6w0ZpVpNCefKy5xBYLTp6rKeZn/tsUzuliNzfKqSCdLcTQSfwATEoeedS703Y17k1qNS61HwRME5aOeNkPg==",
      "license": "MIT",
      "dependencies": {
        "fzstd": "0.1.1",
        "hysnappy": "1.1.1"
      }
    },
    "node_modules/hyparquet-writer": {
      "version": "0.16.10",
      "resolved": "https://registry.npmjs.org/hyparquet-writer/-/hyparquet-writer-0.16.10.tgz",
      "integrity": "sha512-53fpiA57kdJ2V7X97/VSAzHr8rb8Z2cr126T1pTL9TapZNOP/wNJqFh+jc7dRwwg9TpVMYeRNDMb+r5oiLqwjg==",
      "license": "MIT",
      "dependencies": {
        "hyparquet": "1.31.1"
      }
    },
    "node_modules/hyparquet-writer/node_modules/hyparquet": {
      "version": "1.31.1",
      "resolved": "https://registry.npmjs.org/hyparquet/-/hyparquet-1.31.1.tgz",
      "integrity": "sha512-tF9580Xb+41+Eb+mH0av1k7m1PWl+PSKrX66Yd7UOZ760cwEXP9/enwHRMSCeVncaubRI8XPb3v580/ujYKK5w==",
      "license": "MIT"
    },
    "node_modules/hysnappy": {
      "version": "1.1.1",
      "resolved": "https://registry.npmjs.org/hysnappy/-/hysnappy-1.1.1.tgz",
      "integrity": "sha512-/V9XcN2NtRyWjR4LYMfvnvasVVF8jbT/ej0eofBQjZel91E3D813FQ3mQC6gDSMMTCq/FJh28XHeyqr3I/oBRw==",
      "license": "MIT"
    }
  }
}
